<?xml version="1.0" encoding="utf-8"?>
<Project ToolsVersion="4.0" xmlns="http://schemas.microsoft.com/developer/msbuild/2003">
  <ItemGroup>
    <Filter Include="Source Files">
      <UniqueIdentifier>{4FC737F1-C7A5-4376-A066-2A32D752A2FF}</UniqueIdentifier>
      <Extensions>cpp;c;cc;cxx;def;odl;idl;hpj;bat;asm;asmx</Extensions>
    </Filter>
    <Filter Include="Header Files">
      <UniqueIdentifier>{93995380-89BD-4b04-88EB-625FBE52EBFB}</UniqueIdentifier>
      <Extensions>h;hpp;hxx;hm;inl;inc;xsd</Extensions>
    </Filter>
    <Filter Include="Resource Files">
      <UniqueIdentifier>{67DA6AB6-F800-4c08-8B7A-83BB121AAD01}</UniqueIdentifier>
      <Extensions>rc;ico;cur;bmp;dlg;rc2;rct;bin;rgs;gif;jpg;jpeg;jpe;resx;tiff;tif;png;wav;mfcribbon-ms</Extensions>
    </Filter>
  </ItemGroup>
  <ItemGroup>
    <ClCompile Include="main.cpp">
      <Filter>Source Files</Filter>
    </ClCompile>
    <ClCompile Include="MyForm.cpp">
      <Filter>Source Files</Filter>
    </ClCompile>
    <ClCompile Include="CLIPS\agenda.c">
      <Filter>Source Files</Filter>
    </ClCompile>
    <ClCompile Include="CLIPS\analysis.c">
      <Filter>Source Files</Filter>
    </ClCompile>
    <ClCompile Include="CLIPS\argacces.c">
      <Filter>Source Files</Filter>
    </ClCompile>
    <ClCompile Include="CLIPS\bload.c">
      <Filter>Source Files</Filter>
    </ClCompile>
    <ClCompile Include="CLIPS\bmathfun.c">
      <Filter>Source Files</Filter>
    </ClCompile>
    <ClCompile Include="CLIPS\bsave.c">
      <Filter>Source Files</Filter>
    </ClCompile>
    <ClCompile Include="CLIPS\classcom.c">
      <Filter>Source Files</Filter>
    </ClCompile>
    <ClCompile Include="CLIPS\classexm.c">
      <Filter>Source Files</Filter>
    </ClCompile>
    <ClCompile Include="CLIPS\classfun.c">
      <Filter>Source Files</Filter>
    </ClCompile>
    <ClCompile Include="CLIPS\classinf.c">
      <Filter>Source Files</Filter>
    </ClCompile>
    <ClCompile Include="CLIPS\classini.c">
      <Filter>Source Files</Filter>
    </ClCompile>
    <ClCompile Include="CLIPS\classpsr.c">
      <Filter>Source Files</Filter>
    </ClCompile>
    <ClCompile Include="CLIPS\clsltpsr.c">
      <Filter>Source Files</Filter>
    </ClCompile>
    <ClCompile Include="CLIPS\commline.c">
      <Filter>Source Files</Filter>
    </ClCompile>
    <ClCompile Include="CLIPS\conscomp.c">
      <Filter>Source Files</Filter>
    </ClCompile>
    <ClCompile Include="CLIPS\constrct.c">
      <Filter>Source Files</Filter>
    </ClCompile>
    <ClCompile Include="CLIPS\constrnt.c">
      <Filter>Source Files</Filter>
    </ClCompile>
    <ClCompile Include="CLIPS\crstrtgy.c">
      <Filter>Source Files</Filter>
    </ClCompile>
    <ClCompile Include="CLIPS\cstrcbin.c">
      <Filter>Source Files</Filter>
    </ClCompile>
    <ClCompile Include="CLIPS\cstrccom.c">
      <Filter>Source Files</Filter>
    </ClCompile>
    <ClCompile Include="CLIPS\cstrcpsr.c">
      <Filter>Source Files</Filter>
    </ClCompile>
    <ClCompile Include="CLIPS\cstrnbin.c">
      <Filter>Source Files</Filter>
    </ClCompile>
    <ClCompile Include="CLIPS\cstrnchk.c">
      <Filter>Source Files</Filter>
    </ClCompile>
    <ClCompile Include="CLIPS\cstrncmp.c">
      <Filter>Source Files</Filter>
    </ClCompile>
    <ClCompile Include="CLIPS\cstrnops.c">
      <Filter>Source Files</Filter>
    </ClCompile>
    <ClCompile Include="CLIPS\cstrnpsr.c">
      <Filter>Source Files</Filter>
    </ClCompile>
    <ClCompile Include="CLIPS\cstrnutl.c">
      <Filter>Source Files</Filter>
    </ClCompile>
    <ClCompile Include="CLIPS\default.c">
      <Filter>Source Files</Filter>
    </ClCompile>
    <ClCompile Include="CLIPS\defins.c">
      <Filter>Source Files</Filter>
    </ClCompile>
    <ClCompile Include="CLIPS\developr.c">
      <Filter>Source Files</Filter>
    </ClCompile>
    <ClCompile Include="CLIPS\dffctbin.c">
      <Filter>Source Files</Filter>
    </ClCompile>
    <ClCompile Include="CLIPS\dffctbsc.c">
      <Filter>Source Files</Filter>
    </ClCompile>
    <ClCompile Include="CLIPS\dffctcmp.c">
      <Filter>Source Files</Filter>
    </ClCompile>
    <ClCompile Include="CLIPS\dffctdef.c">
      <Filter>Source Files</Filter>
    </ClCompile>
    <ClCompile Include="CLIPS\dffctpsr.c">
      <Filter>Source Files</Filter>
    </ClCompile>
    <ClCompile Include="CLIPS\dffnxbin.c">
      <Filter>Source Files</Filter>
    </ClCompile>
    <ClCompile Include="CLIPS\dffnxcmp.c">
      <Filter>Source Files</Filter>
    </ClCompile>
    <ClCompile Include="CLIPS\dffnxexe.c">
      <Filter>Source Files</Filter>
    </ClCompile>
    <ClCompile Include="CLIPS\dffnxfun.c">
      <Filter>Source Files</Filter>
    </ClCompile>
    <ClCompile Include="CLIPS\dffnxpsr.c">
      <Filter>Source Files</Filter>
    </ClCompile>
    <ClCompile Include="CLIPS\dfinsbin.c">
      <Filter>Source Files</Filter>
    </ClCompile>
    <ClCompile Include="CLIPS\dfinscmp.c">
      <Filter>Source Files</Filter>
    </ClCompile>
    <ClCompile Include="CLIPS\drive.c">
      <Filter>Source Files</Filter>
    </ClCompile>
    <ClCompile Include="CLIPS\edbasic.c">
      <Filter>Source Files</Filter>
    </ClCompile>
    <ClCompile Include="CLIPS\edmain.c">
      <Filter>Source Files</Filter>
    </ClCompile>
    <ClCompile Include="CLIPS\edmisc.c">
      <Filter>Source Files</Filter>
    </ClCompile>
    <ClCompile Include="CLIPS\edstruct.c">
      <Filter>Source Files</Filter>
    </ClCompile>
    <ClCompile Include="CLIPS\edterm.c">
      <Filter>Source Files</Filter>
    </ClCompile>
    <ClCompile Include="CLIPS\emathfun.c">
      <Filter>Source Files</Filter>
    </ClCompile>
    <ClCompile Include="CLIPS\engine.c">
      <Filter>Source Files</Filter>
    </ClCompile>
    <ClCompile Include="CLIPS\envrnmnt.c">
      <Filter>Source Files</Filter>
    </ClCompile>
    <ClCompile Include="CLIPS\evaluatn.c">
      <Filter>Source Files</Filter>
    </ClCompile>
    <ClCompile Include="CLIPS\expressn.c">
      <Filter>Source Files</Filter>
    </ClCompile>
    <ClCompile Include="CLIPS\exprnbin.c">
      <Filter>Source Files</Filter>
    </ClCompile>
    <ClCompile Include="CLIPS\exprnops.c">
      <Filter>Source Files</Filter>
    </ClCompile>
    <ClCompile Include="CLIPS\exprnpsr.c">
      <Filter>Source Files</Filter>
    </ClCompile>
    <ClCompile Include="CLIPS\extnfunc.c">
      <Filter>Source Files</Filter>
    </ClCompile>
    <ClCompile Include="CLIPS\factbin.c">
      <Filter>Source Files</Filter>
    </ClCompile>
    <ClCompile Include="CLIPS\factbld.c">
      <Filter>Source Files</Filter>
    </ClCompile>
    <ClCompile Include="CLIPS\factcmp.c">
      <Filter>Source Files</Filter>
    </ClCompile>
    <ClCompile Include="CLIPS\factcom.c">
      <Filter>Source Files</Filter>
    </ClCompile>
    <ClCompile Include="CLIPS\factfun.c">
      <Filter>Source Files</Filter>
    </ClCompile>
    <ClCompile Include="CLIPS\factgen.c">
      <Filter>Source Files</Filter>
    </ClCompile>
    <ClCompile Include="CLIPS\facthsh.c">
      <Filter>Source Files</Filter>
    </ClCompile>
    <ClCompile Include="CLIPS\factlhs.c">
      <Filter>Source Files</Filter>
    </ClCompile>
    <ClCompile Include="CLIPS\factmch.c">
      <Filter>Source Files</Filter>
    </ClCompile>
    <ClCompile Include="CLIPS\factmngr.c">
      <Filter>Source Files</Filter>
    </ClCompile>
    <ClCompile Include="CLIPS\factprt.c">
      <Filter>Source Files</Filter>
    </ClCompile>
    <ClCompile Include="CLIPS\factqpsr.c">
      <Filter>Source Files</Filter>
    </ClCompile>
    <ClCompile Include="CLIPS\factqury.c">
      <Filter>Source Files</Filter>
    </ClCompile>
    <ClCompile Include="CLIPS\factrete.c">
      <Filter>Source Files</Filter>
    </ClCompile>
    <ClCompile Include="CLIPS\factrhs.c">
      <Filter>Source Files</Filter>
    </ClCompile>
    <ClCompile Include="CLIPS\filecom.c">
      <Filter>Source Files</Filter>
    </ClCompile>
    <ClCompile Include="CLIPS\filertr.c">
      <Filter>Source Files</Filter>
    </ClCompile>
    <ClCompile Include="CLIPS\generate.c">
      <Filter>Source Files</Filter>
    </ClCompile>
    <ClCompile Include="CLIPS\genrcbin.c">
      <Filter>Source Files</Filter>
    </ClCompile>
    <ClCompile Include="CLIPS\genrccmp.c">
      <Filter>Source Files</Filter>
    </ClCompile>
    <ClCompile Include="CLIPS\genrccom.c">
      <Filter>Source Files</Filter>
    </ClCompile>
    <ClCompile Include="CLIPS\genrcexe.c">
      <Filter>Source Files</Filter>
    </ClCompile>
    <ClCompile Include="CLIPS\genrcfun.c">
      <Filter>Source Files</Filter>
    </ClCompile>
    <ClCompile Include="CLIPS\genrcpsr.c">
      <Filter>Source Files</Filter>
    </ClCompile>
    <ClCompile Include="CLIPS\globlbin.c">
      <Filter>Source Files</Filter>
    </ClCompile>
    <ClCompile Include="CLIPS\globlbsc.c">
      <Filter>Source Files</Filter>
    </ClCompile>
    <ClCompile Include="CLIPS\globlcmp.c">
      <Filter>Source Files</Filter>
    </ClCompile>
    <ClCompile Include="CLIPS\globlcom.c">
      <Filter>Source Files</Filter>
    </ClCompile>
    <ClCompile Include="CLIPS\globldef.c">
      <Filter>Source Files</Filter>
    </ClCompile>
    <ClCompile Include="CLIPS\globlpsr.c">
      <Filter>Source Files</Filter>
    </ClCompile>
    <ClCompile Include="CLIPS\immthpsr.c">
      <Filter>Source Files</Filter>
    </ClCompile>
    <ClCompile Include="CLIPS\incrrset.c">
      <Filter>Source Files</Filter>
    </ClCompile>
    <ClCompile Include="CLIPS\inherpsr.c">
      <Filter>Source Files</Filter>
    </ClCompile>
    <ClCompile Include="CLIPS\inscom.c">
      <Filter>Source Files</Filter>
    </ClCompile>
    <ClCompile Include="CLIPS\insfile.c">
      <Filter>Source Files</Filter>
    </ClCompile>
    <ClCompile Include="CLIPS\insfun.c">
      <Filter>Source Files</Filter>
    </ClCompile>
    <ClCompile Include="CLIPS\insmngr.c">
      <Filter>Source Files</Filter>
    </ClCompile>
    <ClCompile Include="CLIPS\insmoddp.c">
      <Filter>Source Files</Filter>
    </ClCompile>
    <ClCompile Include="CLIPS\insmult.c">
      <Filter>Source Files</Filter>
    </ClCompile>
    <ClCompile Include="CLIPS\inspsr.c">
      <Filter>Source Files</Filter>
    </ClCompile>
    <ClCompile Include="CLIPS\insquery.c">
      <Filter>Source Files</Filter>
    </ClCompile>
    <ClCompile Include="CLIPS\insqypsr.c">
      <Filter>Source Files</Filter>
    </ClCompile>
    <ClCompile Include="CLIPS\iofun.c">
      <Filter>Source Files</Filter>
    </ClCompile>
    <ClCompile Include="CLIPS\lgcldpnd.c">
      <Filter>Source Files</Filter>
    </ClCompile>
    <ClCompile Include="CLIPS\memalloc.c">
      <Filter>Source Files</Filter>
    </ClCompile>
    <ClCompile Include="CLIPS\miscfun.c">
      <Filter>Source Files</Filter>
    </ClCompile>
    <ClCompile Include="CLIPS\modulbin.c">
      <Filter>Source Files</Filter>
    </ClCompile>
    <ClCompile Include="CLIPS\modulbsc.c">
      <Filter>Source Files</Filter>
    </ClCompile>
    <ClCompile Include="CLIPS\modulcmp.c">
      <Filter>Source Files</Filter>
    </ClCompile>
    <ClCompile Include="CLIPS\moduldef.c">
      <Filter>Source Files</Filter>
    </ClCompile>
    <ClCompile Include="CLIPS\modulpsr.c">
      <Filter>Source Files</Filter>
    </ClCompile>
    <ClCompile Include="CLIPS\modulutl.c">
      <Filter>Source Files</Filter>
    </ClCompile>
    <ClCompile Include="CLIPS\msgcom.c">
      <Filter>Source Files</Filter>
    </ClCompile>
    <ClCompile Include="CLIPS\msgfun.c">
      <Filter>Source Files</Filter>
    </ClCompile>
    <ClCompile Include="CLIPS\msgpass.c">
      <Filter>Source Files</Filter>
    </ClCompile>
    <ClCompile Include="CLIPS\msgpsr.c">
      <Filter>Source Files</Filter>
    </ClCompile>
    <ClCompile Include="CLIPS\multifld.c">
      <Filter>Source Files</Filter>
    </ClCompile>
    <ClCompile Include="CLIPS\multifun.c">
      <Filter>Source Files</Filter>
    </ClCompile>
    <ClCompile Include="CLIPS\objbin.c">
      <Filter>Source Files</Filter>
    </ClCompile>
    <ClCompile Include="CLIPS\objcmp.c">
      <Filter>Source Files</Filter>
    </ClCompile>
    <ClCompile Include="CLIPS\objrtbin.c">
      <Filter>Source Files</Filter>
    </ClCompile>
    <ClCompile Include="CLIPS\objrtbld.c">
      <Filter>Source Files</Filter>
    </ClCompile>
    <ClCompile Include="CLIPS\objrtcmp.c">
      <Filter>Source Files</Filter>
    </ClCompile>
    <ClCompile Include="CLIPS\objrtfnx.c">
      <Filter>Source Files</Filter>
    </ClCompile>
    <ClCompile Include="CLIPS\objrtgen.c">
      <Filter>Source Files</Filter>
    </ClCompile>
    <ClCompile Include="CLIPS\objrtmch.c">
      <Filter>Source Files</Filter>
    </ClCompile>
    <ClCompile Include="CLIPS\parsefun.c">
      <Filter>Source Files</Filter>
    </ClCompile>
    <ClCompile Include="CLIPS\pattern.c">
      <Filter>Source Files</Filter>
    </ClCompile>
    <ClCompile Include="CLIPS\pprint.c">
      <Filter>Source Files</Filter>
    </ClCompile>
    <ClCompile Include="CLIPS\prccode.c">
      <Filter>Source Files</Filter>
    </ClCompile>
    <ClCompile Include="CLIPS\prcdrfun.c">
      <Filter>Source Files</Filter>
    </ClCompile>
    <ClCompile Include="CLIPS\prcdrpsr.c">
      <Filter>Source Files</Filter>
    </ClCompile>
    <ClCompile Include="CLIPS\prdctfun.c">
      <Filter>Source Files</Filter>
    </ClCompile>
    <ClCompile Include="CLIPS\prntutil.c">
      <Filter>Source Files</Filter>
    </ClCompile>
    <ClCompile Include="CLIPS\proflfun.c">
      <Filter>Source Files</Filter>
    </ClCompile>
    <ClCompile Include="CLIPS\reorder.c">
      <Filter>Source Files</Filter>
    </ClCompile>
    <ClCompile Include="CLIPS\reteutil.c">
      <Filter>Source Files</Filter>
    </ClCompile>
    <ClCompile Include="CLIPS\retract.c">
      <Filter>Source Files</Filter>
    </ClCompile>
    <ClCompile Include="CLIPS\router.c">
      <Filter>Source Files</Filter>
    </ClCompile>
    <ClCompile Include="CLIPS\rulebin.c">
      <Filter>Source Files</Filter>
    </ClCompile>
    <ClCompile Include="CLIPS\rulebld.c">
      <Filter>Source Files</Filter>
    </ClCompile>
    <ClCompile Include="CLIPS\rulebsc.c">
      <Filter>Source Files</Filter>
    </ClCompile>
    <ClCompile Include="CLIPS\rulecmp.c">
      <Filter>Source Files</Filter>
    </ClCompile>
    <ClCompile Include="CLIPS\rulecom.c">
      <Filter>Source Files</Filter>
    </ClCompile>
    <ClCompile Include="CLIPS\rulecstr.c">
      <Filter>Source Files</Filter>
    </ClCompile>
    <ClCompile Include="CLIPS\ruledef.c">
      <Filter>Source Files</Filter>
    </ClCompile>
    <ClCompile Include="CLIPS\ruledlt.c">
      <Filter>Source Files</Filter>
    </ClCompile>
    <ClCompile Include="CLIPS\rulelhs.c">
      <Filter>Source Files</Filter>
    </ClCompile>
    <ClCompile Include="CLIPS\rulepsr.c">
      <Filter>Source Files</Filter>
    </ClCompile>
    <ClCompile Include="CLIPS\scanner.c">
      <Filter>Source Files</Filter>
    </ClCompile>
    <ClCompile Include="CLIPS\sortfun.c">
      <Filter>Source Files</Filter>
    </ClCompile>
    <ClCompile Include="CLIPS\strngfun.c">
      <Filter>Source Files</Filter>
    </ClCompile>
    <ClCompile Include="CLIPS\strngrtr.c">
      <Filter>Source Files</Filter>
    </ClCompile>
    <ClCompile Include="CLIPS\symblbin.c">
      <Filter>Source Files</Filter>
    </ClCompile>
    <ClCompile Include="CLIPS\symblcmp.c">
      <Filter>Source Files</Filter>
    </ClCompile>
    <ClCompile Include="CLIPS\symbol.c">
      <Filter>Source Files</Filter>
    </ClCompile>
    <ClCompile Include="CLIPS\sysdep.c">
      <Filter>Source Files</Filter>
    </ClCompile>
    <ClCompile Include="CLIPS\textpro.c">
      <Filter>Source Files</Filter>
    </ClCompile>
    <ClCompile Include="CLIPS\tmpltbin.c">
      <Filter>Source Files</Filter>
    </ClCompile>
    <ClCompile Include="CLIPS\tmpltbsc.c">
      <Filter>Source Files</Filter>
    </ClCompile>
    <ClCompile Include="CLIPS\tmpltcmp.c">
      <Filter>Source Files</Filter>
    </ClCompile>
    <ClCompile Include="CLIPS\tmpltdef.c">
      <Filter>Source Files</Filter>
    </ClCompile>
    <ClCompile Include="CLIPS\tmpltfun.c">
      <Filter>Source Files</Filter>
    </ClCompile>
    <ClCompile Include="CLIPS\tmpltlhs.c">
      <Filter>Source Files</Filter>
    </ClCompile>
    <ClCompile Include="CLIPS\tmpltpsr.c">
      <Filter>Source Files</Filter>
    </ClCompile>
    <ClCompile Include="CLIPS\tmpltrhs.c">
      <Filter>Source Files</Filter>
    </ClCompile>
    <ClCompile Include="CLIPS\tmpltutl.c">
      <Filter>Source Files</Filter>
    </ClCompile>
    <ClCompile Include="CLIPS\userdata.c">
      <Filter>Source Files</Filter>
    </ClCompile>
    <ClCompile Include="CLIPS\userfunctions.c">
      <Filter>Source Files</Filter>
    </ClCompile>
    <ClCompile Include="CLIPS\utility.c">
      <Filter>Source Files</Filter>
    </ClCompile>
    <ClCompile Include="CLIPS\watch.c">
      <Filter>Source Files</Filter>
    </ClCompile>
  </ItemGroup>
  <ItemGroup>
    <ClInclude Include="MyForm.h">
      <Filter>Header Files</Filter>
    </ClInclude>
    <ClInclude Include="CLIPS\agenda.h">
      <Filter>Header Files</Filter>
    </ClInclude>
    <ClInclude Include="CLIPS\analysis.h">
      <Filter>Header Files</Filter>
    </ClInclude>
    <ClInclude Include="CLIPS\argacces.h">
      <Filter>Header Files</Filter>
    </ClInclude>
    <ClInclude Include="CLIPS\bload.h">
      <Filter>Header Files</Filter>
    </ClInclude>
    <ClInclude Include="CLIPS\bmathfun.h">
      <Filter>Header Files</Filter>
    </ClInclude>
    <ClInclude Include="CLIPS\bsave.h">
      <Filter>Header Files</Filter>
    </ClInclude>
    <ClInclude Include="CLIPS\classcom.h">
      <Filter>Header Files</Filter>
    </ClInclude>
    <ClInclude Include="CLIPS\classexm.h">
      <Filter>Header Files</Filter>
    </ClInclude>
    <ClInclude Include="CLIPS\classfun.h">
      <Filter>Header Files</Filter>
    </ClInclude>
    <ClInclude Include="CLIPS\classinf.h">
      <Filter>Header Files</Filter>
    </ClInclude>
    <ClInclude Include="CLIPS\classini.h">
      <Filter>Header Files</Filter>
    </ClInclude>
    <ClInclude Include="CLIPS\classpsr.h">
      <Filter>Header Files</Filter>
    </ClInclude>
    <ClInclude Include="CLIPS\clips.h">
      <Filter>Header Files</Filter>
    </ClInclude>
    <ClInclude Include="CLIPS\clsltpsr.h">
      <Filter>Header Files</Filter>
    </ClInclude>
    <ClInclude Include="CLIPS\cmptblty.h">
      <Filter>Header Files</Filter>
    </ClInclude>
    <ClInclude Include="CLIPS\commline.h">
      <Filter>Header Files</Filter>
    </ClInclude>
    <ClInclude Include="CLIPS\conscomp.h">
      <Filter>Header Files</Filter>
    </ClInclude>
    <ClInclude Include="CLIPS\constant.h">
      <Filter>Header Files</Filter>
    </ClInclude>
    <ClInclude Include="CLIPS\constrct.h">
      <Filter>Header Files</Filter>
    </ClInclude>
    <ClInclude Include="CLIPS\constrnt.h">
      <Filter>Header Files</Filter>
    </ClInclude>
    <ClInclude Include="CLIPS\crstrtgy.h">
      <Filter>Header Files</Filter>
    </ClInclude>
    <ClInclude Include="CLIPS\cstrcbin.h">
      <Filter>Header Files</Filter>
    </ClInclude>
    <ClInclude Include="CLIPS\cstrccmp.h">
      <Filter>Header Files</Filter>
    </ClInclude>
    <ClInclude Include="CLIPS\cstrccom.h">
      <Filter>Header Files</Filter>
    </ClInclude>
    <ClInclude Include="CLIPS\cstrcpsr.h">
      <Filter>Header Files</Filter>
    </ClInclude>
    <ClInclude Include="CLIPS\cstrnbin.h">
      <Filter>Header Files</Filter>
    </ClInclude>
    <ClInclude Include="CLIPS\cstrnchk.h">
      <Filter>Header Files</Filter>
    </ClInclude>
    <ClInclude Include="CLIPS\cstrncmp.h">
      <Filter>Header Files</Filter>
    </ClInclude>
    <ClInclude Include="CLIPS\cstrnops.h">
      <Filter>Header Files</Filter>
    </ClInclude>
    <ClInclude Include="CLIPS\cstrnpsr.h">
      <Filter>Header Files</Filter>
    </ClInclude>
    <ClInclude Include="CLIPS\cstrnutl.h">
      <Filter>Header Files</Filter>
    </ClInclude>
    <ClInclude Include="CLIPS\default.h">
      <Filter>Header Files</Filter>
    </ClInclude>
    <ClInclude Include="CLIPS\defins.h">
      <Filter>Header Files</Filter>
    </ClInclude>
    <ClInclude Include="CLIPS\developr.h">
      <Filter>Header Files</Filter>
    </ClInclude>
    <ClInclude Include="CLIPS\dffctbin.h">
      <Filter>Header Files</Filter>
    </ClInclude>
    <ClInclude Include="CLIPS\dffctbsc.h">
      <Filter>Header Files</Filter>
    </ClInclude>
    <ClInclude Include="CLIPS\dffctcmp.h">
      <Filter>Header Files</Filter>
    </ClInclude>
    <ClInclude Include="CLIPS\dffctdef.h">
      <Filter>Header Files</Filter>
    </ClInclude>
    <ClInclude Include="CLIPS\dffctpsr.h">
      <Filter>Header Files</Filter>
    </ClInclude>
    <ClInclude Include="CLIPS\dffnxbin.h">
      <Filter>Header Files</Filter>
    </ClInclude>
    <ClInclude Include="CLIPS\dffnxcmp.h">
      <Filter>Header Files</Filter>
    </ClInclude>
    <ClInclude Include="CLIPS\dffnxexe.h">
      <Filter>Header Files</Filter>
    </ClInclude>
    <ClInclude Include="CLIPS\dffnxfun.h">
      <Filter>Header Files</Filter>
    </ClInclude>
    <ClInclude Include="CLIPS\dffnxpsr.h">
      <Filter>Header Files</Filter>
    </ClInclude>
    <ClInclude Include="CLIPS\dfinsbin.h">
      <Filter>Header Files</Filter>
    </ClInclude>
    <ClInclude Include="CLIPS\dfinscmp.h">
      <Filter>Header Files</Filter>
    </ClInclude>
    <ClInclude Include="CLIPS\drive.h">
      <Filter>Header Files</Filter>
    </ClInclude>
    <ClInclude Include="CLIPS\ed.h">
      <Filter>Header Files</Filter>
    </ClInclude>
    <ClInclude Include="CLIPS\emathfun.h">
      <Filter>Header Files</Filter>
    </ClInclude>
    <ClInclude Include="CLIPS\engine.h">
      <Filter>Header Files</Filter>
    </ClInclude>
    <ClInclude Include="CLIPS\envrnmnt.h">
      <Filter>Header Files</Filter>
    </ClInclude>
    <ClInclude Include="CLIPS\evaluatn.h">
      <Filter>Header Files</Filter>
    </ClInclude>
    <ClInclude Include="CLIPS\expressn.h">
      <Filter>Header Files</Filter>
    </ClInclude>
    <ClInclude Include="CLIPS\exprnbin.h">
      <Filter>Header Files</Filter>
    </ClInclude>
    <ClInclude Include="CLIPS\exprnops.h">
      <Filter>Header Files</Filter>
    </ClInclude>
    <ClInclude Include="CLIPS\exprnpsr.h">
      <Filter>Header Files</Filter>
    </ClInclude>
    <ClInclude Include="CLIPS\extnfunc.h">
      <Filter>Header Files</Filter>
    </ClInclude>
    <ClInclude Include="CLIPS\factbin.h">
      <Filter>Header Files</Filter>
    </ClInclude>
    <ClInclude Include="CLIPS\factbld.h">
      <Filter>Header Files</Filter>
    </ClInclude>
    <ClInclude Include="CLIPS\factcmp.h">
      <Filter>Header Files</Filter>
    </ClInclude>
    <ClInclude Include="CLIPS\factcom.h">
      <Filter>Header Files</Filter>
    </ClInclude>
    <ClInclude Include="CLIPS\factfun.h">
      <Filter>Header Files</Filter>
    </ClInclude>
    <ClInclude Include="CLIPS\factgen.h">
      <Filter>Header Files</Filter>
    </ClInclude>
    <ClInclude Include="CLIPS\facthsh.h">
      <Filter>Header Files</Filter>
    </ClInclude>
    <ClInclude Include="CLIPS\factlhs.h">
      <Filter>Header Files</Filter>
    </ClInclude>
    <ClInclude Include="CLIPS\factmch.h">
      <Filter>Header Files</Filter>
    </ClInclude>
    <ClInclude Include="CLIPS\factmngr.h">
      <Filter>Header Files</Filter>
    </ClInclude>
    <ClInclude Include="CLIPS\factprt.h">
      <Filter>Header Files</Filter>
    </ClInclude>
    <ClInclude Include="CLIPS\factqpsr.h">
      <Filter>Header Files</Filter>
    </ClInclude>
    <ClInclude Include="CLIPS\factqury.h">
      <Filter>Header Files</Filter>
    </ClInclude>
    <ClInclude Include="CLIPS\factrete.h">
      <Filter>Header Files</Filter>
    </ClInclude>
    <ClInclude Include="CLIPS\factrhs.h">
      <Filter>Header Files</Filter>
    </ClInclude>
    <ClInclude Include="CLIPS\filecom.h">
      <Filter>Header Files</Filter>
    </ClInclude>
    <ClInclude Include="CLIPS\filertr.h">
      <Filter>Header Files</Filter>
    </ClInclude>
    <ClInclude Include="CLIPS\generate.h">
      <Filter>Header Files</Filter>
    </ClInclude>
    <ClInclude Include="CLIPS\genrcbin.h">
      <Filter>Header Files</Filter>
    </ClInclude>
    <ClInclude Include="CLIPS\genrccmp.h">
      <Filter>Header Files</Filter>
    </ClInclude>
    <ClInclude Include="CLIPS\genrccom.h">
      <Filter>Header Files</Filter>
    </ClInclude>
    <ClInclude Include="CLIPS\genrcexe.h">
      <Filter>Header Files</Filter>
    </ClInclude>
    <ClInclude Include="CLIPS\genrcfun.h">
      <Filter>Header Files</Filter>
    </ClInclude>
    <ClInclude Include="CLIPS\genrcpsr.h">
      <Filter>Header Files</Filter>
    </ClInclude>
    <ClInclude Include="CLIPS\globlbin.h">
      <Filter>Header Files</Filter>
    </ClInclude>
    <ClInclude Include="CLIPS\globlbsc.h">
      <Filter>Header Files</Filter>
    </ClInclude>
    <ClInclude Include="CLIPS\globlcmp.h">
      <Filter>Header Files</Filter>
    </ClInclude>
    <ClInclude Include="CLIPS\globlcom.h">
      <Filter>Header Files</Filter>
    </ClInclude>
    <ClInclude Include="CLIPS\globldef.h">
      <Filter>Header Files</Filter>
    </ClInclude>
    <ClInclude Include="CLIPS\globlpsr.h">
      <Filter>Header Files</Filter>
    </ClInclude>
    <ClInclude Include="CLIPS\immthpsr.h">
      <Filter>Header Files</Filter>
    </ClInclude>
    <ClInclude Include="CLIPS\incrrset.h">
      <Filter>Header Files</Filter>
    </ClInclude>
    <ClInclude Include="CLIPS\inherpsr.h">
      <Filter>Header Files</Filter>
    </ClInclude>
    <ClInclude Include="CLIPS\inscom.h">
      <Filter>Header Files</Filter>
    </ClInclude>
    <ClInclude Include="CLIPS\insfile.h">
      <Filter>Header Files</Filter>
    </ClInclude>
    <ClInclude Include="CLIPS\insfun.h">
      <Filter>Header Files</Filter>
    </ClInclude>
    <ClInclude Include="CLIPS\insmngr.h">
      <Filter>Header Files</Filter>
    </ClInclude>
    <ClInclude Include="CLIPS\insmoddp.h">
      <Filter>Header Files</Filter>
    </ClInclude>
    <ClInclude Include="CLIPS\insmult.h">
      <Filter>Header Files</Filter>
    </ClInclude>
    <ClInclude Include="CLIPS\inspsr.h">
      <Filter>Header Files</Filter>
    </ClInclude>
    <ClInclude Include="CLIPS\insquery.h">
      <Filter>Header Files</Filter>
    </ClInclude>
    <ClInclude Include="CLIPS\insqypsr.h">
      <Filter>Header Files</Filter>
    </ClInclude>
    <ClInclude Include="CLIPS\iofun.h">
      <Filter>Header Files</Filter>
    </ClInclude>
    <ClInclude Include="CLIPS\lgcldpnd.h">
      <Filter>Header Files</Filter>
    </ClInclude>
    <ClInclude Include="CLIPS\match.h">
      <Filter>Header Files</Filter>
    </ClInclude>
    <ClInclude Include="CLIPS\memalloc.h">
      <Filter>Header Files</Filter>
    </ClInclude>
    <ClInclude Include="CLIPS\miscfun.h">
      <Filter>Header Files</Filter>
    </ClInclude>
    <ClInclude Include="CLIPS\modulbin.h">
      <Filter>Header Files</Filter>
    </ClInclude>
    <ClInclude Include="CLIPS\modulbsc.h">
      <Filter>Header Files</Filter>
    </ClInclude>
    <ClInclude Include="CLIPS\modulcmp.h">
      <Filter>Header Files</Filter>
    </ClInclude>
    <ClInclude Include="CLIPS\moduldef.h">
      <Filter>Header Files</Filter>
    </ClInclude>
    <ClInclude Include="CLIPS\modulpsr.h">
      <Filter>Header Files</Filter>
    </ClInclude>
    <ClInclude Include="CLIPS\modulutl.h">
      <Filter>Header Files</Filter>
    </ClInclude>
    <ClInclude Include="CLIPS\msgcom.h">
      <Filter>Header Files</Filter>
    </ClInclude>
    <ClInclude Include="CLIPS\msgfun.h">
      <Filter>Header Files</Filter>
    </ClInclude>
    <ClInclude Include="CLIPS\msgpass.h">
      <Filter>Header Files</Filter>
    </ClInclude>
    <ClInclude Include="CLIPS\msgpsr.h">
      <Filter>Header Files</Filter>
    </ClInclude>
    <ClInclude Include="CLIPS\multifld.h">
      <Filter>Header Files</Filter>
    </ClInclude>
    <ClInclude Include="CLIPS\multifun.h">
      <Filter>Header Files</Filter>
    </ClInclude>
    <ClInclude Include="CLIPS\network.h">
      <Filter>Header Files</Filter>
    </ClInclude>
    <ClInclude Include="CLIPS\objbin.h">
      <Filter>Header Files</Filter>
    </ClInclude>
    <ClInclude Include="CLIPS\objcmp.h">
      <Filter>Header Files</Filter>
    </ClInclude>
    <ClInclude Include="CLIPS\object.h">
      <Filter>Header Files</Filter>
    </ClInclude>
    <ClInclude Include="CLIPS\objrtbin.h">
      <Filter>Header Files</Filter>
    </ClInclude>
    <ClInclude Include="CLIPS\objrtbld.h">
      <Filter>Header Files</Filter>
    </ClInclude>
    <ClInclude Include="CLIPS\objrtcmp.h">
      <Filter>Header Files</Filter>
    </ClInclude>
    <ClInclude Include="CLIPS\objrtfnx.h">
      <Filter>Header Files</Filter>
    </ClInclude>
    <ClInclude Include="CLIPS\objrtgen.h">
      <Filter>Header Files</Filter>
    </ClInclude>
    <ClInclude Include="CLIPS\objrtmch.h">
      <Filter>Header Files</Filter>
    </ClInclude>
    <ClInclude Include="CLIPS\parsefun.h">
      <Filter>Header Files</Filter>
    </ClInclude>
    <ClInclude Include="CLIPS\pattern.h">
      <Filter>Header Files</Filter>
    </ClInclude>
    <ClInclude Include="CLIPS\pprint.h">
      <Filter>Header Files</Filter>
    </ClInclude>
    <ClInclude Include="CLIPS\prccode.h">
      <Filter>Header Files</Filter>
    </ClInclude>
    <ClInclude Include="CLIPS\prcdrfun.h">
      <Filter>Header Files</Filter>
    </ClInclude>
    <ClInclude Include="CLIPS\prcdrpsr.h">
      <Filter>Header Files</Filter>
    </ClInclude>
    <ClInclude Include="CLIPS\prdctfun.h">
      <Filter>Header Files</Filter>
    </ClInclude>
    <ClInclude Include="CLIPS\prntutil.h">
      <Filter>Header Files</Filter>
    </ClInclude>
    <ClInclude Include="CLIPS\proflfun.h">
      <Filter>Header Files</Filter>
    </ClInclude>
    <ClInclude Include="CLIPS\reorder.h">
      <Filter>Header Files</Filter>
    </ClInclude>
    <ClInclude Include="CLIPS\reteutil.h">
      <Filter>Header Files</Filter>
    </ClInclude>
    <ClInclude Include="CLIPS\retract.h">
      <Filter>Header Files</Filter>
    </ClInclude>
    <ClInclude Include="CLIPS\router.h">
      <Filter>Header Files</Filter>
    </ClInclude>
    <ClInclude Include="CLIPS\rulebin.h">
      <Filter>Header Files</Filter>
    </ClInclude>
    <ClInclude Include="CLIPS\rulebld.h">
      <Filter>Header Files</Filter>
    </ClInclude>
    <ClInclude Include="CLIPS\rulebsc.h">
      <Filter>Header Files</Filter>
    </ClInclude>
    <ClInclude Include="CLIPS\rulecmp.h">
      <Filter>Header Files</Filter>
    </ClInclude>
    <ClInclude Include="CLIPS\rulecom.h">
      <Filter>Header Files</Filter>
    </ClInclude>
    <ClInclude Include="CLIPS\rulecstr.h">
      <Filter>Header Files</Filter>
    </ClInclude>
    <ClInclude Include="CLIPS\ruledef.h">
      <Filter>Header Files</Filter>
    </ClInclude>
    <ClInclude Include="CLIPS\ruledlt.h">
      <Filter>Header Files</Filter>
    </ClInclude>
    <ClInclude Include="CLIPS\rulelhs.h">
      <Filter>Header Files</Filter>
    </ClInclude>
    <ClInclude Include="CLIPS\rulepsr.h">
      <Filter>Header Files</Filter>
    </ClInclude>
    <ClInclude Include="CLIPS\scanner.h">
      <Filter>Header Files</Filter>
    </ClInclude>
    <ClInclude Include="CLIPS\setup.h">
      <Filter>Header Files</Filter>
    </ClInclude>
    <ClInclude Include="CLIPS\sortfun.h">
      <Filter>Header Files</Filter>
    </ClInclude>
    <ClInclude Include="CLIPS\strngfun.h">
      <Filter>Header Files</Filter>
    </ClInclude>
    <ClInclude Include="CLIPS\strngrtr.h">
      <Filter>Header Files</Filter>
    </ClInclude>
    <ClInclude Include="CLIPS\symblbin.h">
      <Filter>Header Files</Filter>
    </ClInclude>
    <ClInclude Include="CLIPS\symblcmp.h">
      <Filter>Header Files</Filter>
    </ClInclude>
    <ClInclude Include="CLIPS\symbol.h">
      <Filter>Header Files</Filter>
    </ClInclude>
    <ClInclude Include="CLIPS\sysdep.h">
      <Filter>Header Files</Filter>
    </ClInclude>
    <ClInclude Include="CLIPS\textpro.h">
      <Filter>Header Files</Filter>
    </ClInclude>
    <ClInclude Include="CLIPS\tmpltbin.h">
      <Filter>Header Files</Filter>
    </ClInclude>
    <ClInclude Include="CLIPS\tmpltbsc.h">
      <Filter>Header Files</Filter>
    </ClInclude>
    <ClInclude Include="CLIPS\tmpltcmp.h">
      <Filter>Header Files</Filter>
    </ClInclude>
    <ClInclude Include="CLIPS\tmpltdef.h">
      <Filter>Header Files</Filter>
    </ClInclude>
    <ClInclude Include="CLIPS\tmpltfun.h">
      <Filter>Header Files</Filter>
    </ClInclude>
    <ClInclude Include="CLIPS\tmpltlhs.h">
      <Filter>Header Files</Filter>
    </ClInclude>
    <ClInclude Include="CLIPS\tmpltpsr.h">
      <Filter>Header Files</Filter>
    </ClInclude>
    <ClInclude Include="CLIPS\tmpltrhs.h">
      <Filter>Header Files</Filter>
    </ClInclude>
    <ClInclude Include="CLIPS\tmpltutl.h">
      <Filter>Header Files</Filter>
    </ClInclude>
    <ClInclude Include="CLIPS\userdata.h">
      <Filter>Header Files</Filter>
    </ClInclude>
    <ClInclude Include="CLIPS\usrsetup.h">
      <Filter>Header Files</Filter>
    </ClInclude>
    <ClInclude Include="CLIPS\utility.h">
      <Filter>Header Files</Filter>
    </ClInclude>
    <ClInclude Include="CLIPS\watch.h">
      <Filter>Header Files</Filter>
    </ClInclude>
  </ItemGroup>
  <ItemGroup>
    <EmbeddedResource Include="MyForm.resx">
      <Filter>Resource Files</Filter>
    </EmbeddedResource>
  </ItemGroup>
</Project>